lockfileVersion: '9.0'

settings:
  autoInstallPeers: false
  excludeLinksFromLockfile: false

overrides:
  '@prettier/plugin-oxc>oxc-parser': ^0.125.0

importers:

  .:
    devDependencies:
      '@standard-config/prettier':
        specifier: ^1.12.1
        version: 1.12.1(prettier@3.8.3)
      prettier:
        specifier: ^3.8.3
        version: 3.8.3
      simple-git-hooks:
        specifier: ^2.13.1
        version: 2.13.1
      typescript:
        specifier: ^6.0.3
        version: 6.0.3

packages:

  '@emnapi/core@1.9.2':
    resolution: {integrity: sha512-UC+ZhH3XtczQYfOlu3lNEkdW/p4dsJ1r/bP7H8+rhao3TTTMO1ATq/4DdIi23XuGoFY+Cz0JmCbdVl0hz9jZcA==}

  '@emnapi/runtime@1.9.2':
    resolution: {integrity: sha512-3U4+MIWHImeyu1wnmVygh5WlgfYDtyf0k8AbLhMFxOipihf6nrWC4syIm/SwEeec0mNSafiiNnMJwbza/Is6Lw==}

  '@emnapi/wasi-threads@1.2.1':
    resolution: {integrity: sha512-uTII7OYF+/Mes/MrcIOYp5yOtSMLBWSIoLPpcgwipoiKbli6k322tcoFsxoIIxPDqW01SQGAgko4EzZi2BNv2w==}

  '@napi-rs/wasm-runtime@1.1.4':
    resolution: {integrity: sha512-3NQNNgA1YSlJb/kMH1ildASP9HW7/7kYnRI2szWJaofaS1hWmbGI4H+d3+22aGzXXN9IJ+n+GiFVcGipJP18ow==}
    peerDependencies:
      '@emnapi/core': ^1.7.1
      '@emnapi/runtime': ^1.7.1

  '@oxc-parser/binding-android-arm-eabi@0.125.0':
    resolution: {integrity: sha512-YfHwPEH8c5XNOlffaAqhsChNOBgmJ7rEgVbxSwAr65KDR0wbpZUBkrSaCClYL4urf0LmwyULrahHMvFAyk/dwA==}
    engines: {node: ^20.19.0 || >=22.12.0}
    cpu: [arm]
    os: [android]

  '@oxc-parser/binding-android-arm64@0.125.0':
    resolution: {integrity: sha512-rh72O8ackqp0HC+3W38oCTkCFmOpXrHRrbP+4xrX8O1UmCWcyb5pIbA/+0ATPGVVl9NcHt/CgqI8rBuw4Y9kMg==}
    engines: {node: ^20.19.0 || >=22.12.0}
    cpu: [arm64]
    os: [android]

  '@oxc-parser/binding-darwin-arm64@0.125.0':
    resolution: {integrity: sha512-14Q74TMQA/eO0N5dz5Tel25qma9vVJEpmrmqXnx0R7jMXhqFxkSSy40NOtCQijWUfeD5ho5+NuXDl5WSxyifJQ==}
    engines: {node: ^20.19.0 || >=22.12.0}
    cpu: [arm64]
    os: [darwin]

  '@oxc-parser/binding-darwin-x64@0.125.0':
    resolution: {integrity: sha512-qWQDphAaIS6qXeuYcWm4jta8qFZpjjim2WxiPwZmHi77COS8i0Jct8tBcNIOZ/JaVh+hCL2it228m2Lr9GOL6A==}
    engines: {node: ^20.19.0 || >=22.12.0}
    cpu: [x64]
    os: [darwin]

  '@oxc-parser/binding-freebsd-x64@0.125.0':
    resolution: {integrity: sha512-PTATC/j2MvDP8lejoCC7PFWNoYV2NsVzzM0WgBqZDFAkFdKsW0wfbQWochfY3fHNUN1QhZNetrd/K4Pdo6cIHQ==}
    engines: {node: ^20.19.0 || >=22.12.0}
    cpu: [x64]
    os: [freebsd]

  '@oxc-parser/binding-linux-arm-gnueabihf@0.125.0':
    resolution: {integrity: sha512-Colj5agHBAMKZrkyPcCEelfKuh8sNi1lWpJf1TiEeEmbREQ6I2ytG+ccfdDaiUV7Z0Vw5FyJbnqEPgHo8kF3RQ==}
    engines: {node: ^20.19.0 || >=22.12.0}
    cpu: [arm]
    os: [linux]

  '@oxc-parser/binding-linux-arm-musleabihf@0.125.0':
    resolution: {integrity: sha512-BxQ8o082+/qtjAFK6WUV+/bi0y3M0RPvPQNm8JSY7/7LfhbWq6NykgZiGayrtauO1nowpmGlnpJXXMp9q0oT1A==}
    engines: {node: ^20.19.0 || >=22.12.0}
    cpu: [arm]
    os: [linux]

  '@oxc-parser/binding-linux-arm64-gnu@0.125.0':
    resolution: {integrity: sha512-qR0dOth+4whygUwoNnfews8jMC78gjhIBfcy9AFzvxoh7PFGdferRp3KV/4kkeaVk2kOS/5grlAeJevpA+/Pfg==}
    engines: {node: ^20.19.0 || >=22.12.0}
    cpu: [arm64]
    os: [linux]
    libc: [glibc]

  '@oxc-parser/binding-linux-arm64-musl@0.125.0':
    resolution: {integrity: sha512-eIXyzpA12/+maKjMSsXdHfpzwQcoRfzokT+/ZhVEo6u/9RcXQrZZmZ70MmmJqwVcLez6U4ScjB/eiYlsEs7p0g==}
    engines: {node: ^20.19.0 || >=22.12.0}
    cpu: [arm64]
    os: [linux]
    libc: [musl]

  '@oxc-parser/binding-linux-ppc64-gnu@0.125.0':
    resolution: {integrity: sha512-w7ir5OuqSJUKLadmsSAWwTNso/ZGem2bPT/1LSU7l+ecmKPyegIvU+wzY0ADhZ/t/goaedqyp24SDRxyLxO9zg==}
    engines: {node: ^20.19.0 || >=22.12.0}
    cpu: [ppc64]
    os: [linux]
    libc: [glibc]

  '@oxc-parser/binding-linux-riscv64-gnu@0.125.0':
    resolution: {integrity: sha512-2KPTfWorcW8RNE8aEMHKbPSjHDBjFVYqg8nSLRBp7pe7VBqHsmkO9jpK8YmaYA5d5GcUy+J++5O4EgxkrQBEtw==}
    engines: {node: ^20.19.0 || >=22.12.0}
    cpu: [riscv64]
    os: [linux]
    libc: [glibc]

  '@oxc-parser/binding-linux-riscv64-musl@0.125.0':
    resolution: {integrity: sha512-Vsl8dmQdKtDsQiDPHP5VFjXOuVGcZQcziYMkU/yPnlaKHMqoX/q+bxt7K+BwResi9Cc8pnZ6oYGTgPcjAtt5QQ==}
    engines: {node: ^20.19.0 || >=22.12.0}
    cpu: [riscv64]
    os: [linux]
    libc: [musl]

  '@oxc-parser/binding-linux-s390x-gnu@0.125.0':
    resolution: {integrity: sha512-HwY5kuM818r/kHdHG2TZqzqxyF7fz90prPg85R/2VmgRWk8cMyGZo+8BNZDQAMJ6aGSTRvn2sdGXv3sZ5bsUWw==}
    engines: {node: ^20.19.0 || >=22.12.0}
    cpu: [s390x]
    os: [linux]
    libc: [glibc]

  '@oxc-parser/binding-linux-x64-gnu@0.125.0':
    resolution: {integrity: sha512-o7k6+xAI2pIkjBsCqM0elI4q+qY/3TexH6cpIlGm+nJze1tvx7QEHCKdiy6wnRacFvUYmySEZ5hWFBc9MbxrIA==}
    engines: {node: ^20.19.0 || >=22.12.0}
    cpu: [x64]
    os: [linux]
    libc: [glibc]

  '@oxc-parser/binding-linux-x64-musl@0.125.0':
    resolution: {integrity: sha512-vksRynFD6vytE1sDZCaeIk6y6rCsq0a18T4kcXbfGHBq2q/qSyDogWLk3A3S3hl/ikNfse7yrEwAuQ8ldIJeAg==}
    engines: {node: ^20.19.0 || >=22.12.0}
    cpu: [x64]
    os: [linux]
    libc: [musl]

  '@oxc-parser/binding-openharmony-arm64@0.125.0':
    resolution: {integrity: sha512-AAtg4pnKvrKsay2ldZZRY98ALFBOgbyy3Gyxo658z6aecM0Zr5mI9BOHRCchSVKUHqMqmjhCA4wIdZvz02VrAw==}
    engines: {node: ^20.19.0 || >=22.12.0}
    cpu: [arm64]
    os: [openharmony]

  '@oxc-parser/binding-wasm32-wasi@0.125.0':
    resolution: {integrity: sha512-FkIQFrwlBXoFsazb9NQpQPP4YI9sWWXUOLkIPYlQb+hPwr+VY6d0B7l26yMBR2ktf2h3qyAMOW6Pd+mX9rtOJg==}
    engines: {node: '>=14.0.0'}
    cpu: [wasm32]

  '@oxc-parser/binding-win32-arm64-msvc@0.125.0':
    resolution: {integrity: sha512-bi4RY9oktNm3kQ3qRCJgBKtwqSg+mtnt5W9l33rdiTyiXlL8a1LQQy1x7aym/ArHDE+19kSWSr2YDd2ExxzbfQ==}
    engines: {node: ^20.19.0 || >=22.12.0}
    cpu: [arm64]
    os: [win32]

  '@oxc-parser/binding-win32-ia32-msvc@0.125.0':
    resolution: {integrity: sha512-ZhvL2vK+9rzjk1US2d2u6NeI1/jtkzsm//ilFac+Kn3klTpJJlKNZwF23CUiAu+B3rdQUbPItm/BHlL6f/5uPA==}
    engines: {node: ^20.19.0 || >=22.12.0}
    cpu: [ia32]
    os: [win32]

  '@oxc-parser/binding-win32-x64-msvc@0.125.0':
    resolution: {integrity: sha512-P4ywUSCYIg44Y82wF3e0ns1BV1dNn+ZhfjNDwm0FTPtBKXedOCRPrvmjXn7Qb+IDGGHAA68lmDLCjGxuKUwXPw==}
    engines: {node: ^20.19.0 || >=22.12.0}
    cpu: [x64]
    os: [win32]

  '@oxc-project/types@0.125.0':
    resolution: {integrity: sha512-s9RKLJbRR+3kEFB3mmJVPWah3cZUAl0Jzmthx6Pb/QXnlNkRwTP75tK4uVahp/ifiiTmNYMXI1+NnGP1rNurXg==}

  '@prettier/plugin-oxc@0.1.4':
    resolution: {integrity: sha512-P/KX37tuR1R7xMHMakgzdWsRDMeze7SkwUcGQKbqQVSsJLW0q5kxax2dxEJgK4E4zIoMy7pG6UUE7x4al8AQeg==}
    engines: {node: '>=14'}

  '@reteps/dockerfmt@0.5.2':
    resolution: {integrity: sha512-Hbr7yen4fP5TxGM54ucXa4o5NwWXatJ6Bd9I8gp0PValYbI4Rug2Gu+rVv7K7o/efQc3F5ctqWJz47rYaa8zBw==}
    engines: {node: ^v12.20.0 || ^14.13.0 || >=16.0.0}

  '@standard-config/prettier@1.12.1':
    resolution: {integrity: sha512-vUde8x02YWVpzcXS8kKV+BEeh12DhH0xu4CVRHdxa9slNY2WmJ3RnjOJFcZC4eYan5YbRVs9HDcEVe4EkeNKSQ==}
    engines: {node: '>=20'}
    peerDependencies:
      prettier: ^3.8.0

  '@tybys/wasm-util@0.10.1':
    resolution: {integrity: sha512-9tTaPJLSiejZKx+Bmog4uSubteqTvFrVrURwkmHixBo0G4seD0zUxp98E1DzUBJxLQ3NPwXrGKDiVjwx/DpPsg==}

  oxc-parser@0.125.0:
    resolution: {integrity: sha512-6M0gEDDVMGGy+Ckg/mlLh4PL87sfKRMlkQJTVTxdcEREwDa4usWjM9n4jC6Jxa5+nc3YlZTecUs4hHjoTVWKaw==}
    engines: {node: ^20.19.0 || >=22.12.0}

  prettier-plugin-expand-json@1.0.4:
    resolution: {integrity: sha512-uBC3RrA+XhyJlHwBfeYPjK2yRRsRqDXWxhacYj9W5VmHlAjVTqpgw3A0OpItlcq5RsHGDlr4R9qWdqvJGR2DXw==}
    engines: {node: '>=20'}
    peerDependencies:
      prettier: '>=3'

  prettier-plugin-markdown-html@1.4.0:
    resolution: {integrity: sha512-ZTvFGYVVEKNDhrTqf1Uk/9aQPvzHD1OxpXxpjagdXcQC3lsLf8Z6EccIyIncInhpbzE6mvQ8RvmoIjZdJyx8Og==}
    engines: {node: '>=20'}
    peerDependencies:
      prettier: '>=3'

  prettier-plugin-pkg@0.22.1:
    resolution: {integrity: sha512-l9qnxic48hgTXsvXi9yWWWzovpqkEYo/Ljf8Af7zSkDTNVmLwscXW63IEVMJXH94DyloO8YkogeLheJUzJh/ZQ==}
    engines: {node: ^14.18.0 || >=16.0.0}
    peerDependencies:
      prettier: ^3.0.3

  prettier-plugin-sh@0.18.1:
    resolution: {integrity: sha512-uZmU22wBMevjh3rmCatNQqiEer2+5KLa0xYCBX6zQQUQkcNzVL+s6FbPKK6ZSUNUbQk6jMAcQHrYPvuL2W6ihQ==}
    engines: {node: '>=16.0.0'}
    peerDependencies:
      prettier: ^3.6.0

  prettier-plugin-sort-json@4.2.0:
    resolution: {integrity: sha512-jK1w3/7otTvHtv1eoLji2U9mEoOGeyl7QQQ/afLnjht1YtRLSUUk8o0rIIC/HUVXhoGPCFe4SVZbRGYjjUVgvA==}
    engines: {node: '>=18.0.0'}
    peerDependencies:
      prettier: ^3.0.0

  prettier-plugin-yaml@1.1.3:
    resolution: {integrity: sha512-bsnlOo3vCBPDaf8nHLD838rqtUIOCn8qYPefhHn5/Z3GBdHphiPad5Q9r8wfBUtBgYrAuvO0y68IOwuPE6LfxQ==}
    engines: {node: '>=20'}
    peerDependencies:
      prettier: '>=3'

  prettier@3.8.3:
    resolution: {integrity: sha512-7igPTM53cGHMW8xWuVTydi2KO233VFiTNyF5hLJqpilHfmn8C8gPf+PS7dUT64YcXFbiMGZxS9pCSxL/Dxm/Jw==}
    engines: {node: '>=14'}
    hasBin: true

  sh-syntax@0.5.8:
    resolution: {integrity: sha512-JfVoxf4FxQI5qpsPbkHhZo+n6N9YMJobyl4oGEUBb/31oQYlgTjkXQD8PBiafS2UbWoxrTO0Z5PJUBXEPAG1Zw==}
    engines: {node: '>=16.0.0'}

  simple-git-hooks@2.13.1:
    resolution: {integrity: sha512-WszCLXwT4h2k1ufIXAgsbiTOazqqevFCIncOuUBZJ91DdvWcC5+OFkluWRQPrcuSYd8fjq+o2y1QfWqYMoAToQ==}
    hasBin: true

  tslib@2.8.1:
    resolution: {integrity: sha512-oJFu94HQb+KVduSUQL7wnpmqnfmLsOA/nAh6b6EH0wCEoK0/mPeXU6c3wKDV83MkOuHPRHtSXKKU99IBazS/2w==}

  typescript@6.0.3:
    resolution: {integrity: sha512-y2TvuxSZPDyQakkFRPZHKFm+KKVqIisdg9/CZwm9ftvKXLP8NRWj38/ODjNbr43SsoXqNuAisEf1GdCxqWcdBw==}
    engines: {node: '>=14.17'}
    hasBin: true

  yaml@2.8.3:
    resolution: {integrity: sha512-AvbaCLOO2Otw/lW5bmh9d/WEdcDFdQp2Z2ZUH3pX9U2ihyUY0nvLv7J6TrWowklRGPYbB/IuIMfYgxaCPg5Bpg==}
    engines: {node: '>= 14.6'}
    hasBin: true

snapshots:

  '@emnapi/core@1.9.2':
    dependencies:
      '@emnapi/wasi-threads': 1.2.1
      tslib: 2.8.1
    optional: true

  '@emnapi/runtime@1.9.2':
    dependencies:
      tslib: 2.8.1
    optional: true

  '@emnapi/wasi-threads@1.2.1':
    dependencies:
      tslib: 2.8.1
    optional: true

  '@napi-rs/wasm-runtime@1.1.4(@emnapi/core@1.9.2)(@emnapi/runtime@1.9.2)':
    dependencies:
      '@emnapi/core': 1.9.2
      '@emnapi/runtime': 1.9.2
      '@tybys/wasm-util': 0.10.1
    optional: true

  '@oxc-parser/binding-android-arm-eabi@0.125.0':
    optional: true

  '@oxc-parser/binding-android-arm64@0.125.0':
    optional: true

  '@oxc-parser/binding-darwin-arm64@0.125.0':
    optional: true

  '@oxc-parser/binding-darwin-x64@0.125.0':
    optional: true

  '@oxc-parser/binding-freebsd-x64@0.125.0':
    optional: true

  '@oxc-parser/binding-linux-arm-gnueabihf@0.125.0':
    optional: true

  '@oxc-parser/binding-linux-arm-musleabihf@0.125.0':
    optional: true

  '@oxc-parser/binding-linux-arm64-gnu@0.125.0':
    optional: true

  '@oxc-parser/binding-linux-arm64-musl@0.125.0':
    optional: true

  '@oxc-parser/binding-linux-ppc64-gnu@0.125.0':
    optional: true

  '@oxc-parser/binding-linux-riscv64-gnu@0.125.0':
    optional: true

  '@oxc-parser/binding-linux-riscv64-musl@0.125.0':
    optional: true

  '@oxc-parser/binding-linux-s390x-gnu@0.125.0':
    optional: true

  '@oxc-parser/binding-linux-x64-gnu@0.125.0':
    optional: true

  '@oxc-parser/binding-linux-x64-musl@0.125.0':
    optional: true

  '@oxc-parser/binding-openharmony-arm64@0.125.0':
    optional: true

  '@oxc-parser/binding-wasm32-wasi@0.125.0':
    dependencies:
      '@emnapi/core': 1.9.2
      '@emnapi/runtime': 1.9.2
      '@napi-rs/wasm-runtime': 1.1.4(@emnapi/core@1.9.2)(@emnapi/runtime@1.9.2)
    optional: true

  '@oxc-parser/binding-win32-arm64-msvc@0.125.0':
    optional: true

  '@oxc-parser/binding-win32-ia32-msvc@0.125.0':
    optional: true

  '@oxc-parser/binding-win32-x64-msvc@0.125.0':
    optional: true

  '@oxc-project/types@0.125.0': {}

  '@prettier/plugin-oxc@0.1.4':
    dependencies:
      oxc-parser: 0.125.0

  '@reteps/dockerfmt@0.5.2': {}

  '@standard-config/prettier@1.12.1(prettier@3.8.3)':
    dependencies:
      '@prettier/plugin-oxc': 0.1.4
      prettier: 3.8.3
      prettier-plugin-expand-json: 1.0.4(prettier@3.8.3)
      prettier-plugin-markdown-html: 1.4.0(prettier@3.8.3)
      prettier-plugin-pkg: 0.22.1(prettier@3.8.3)
      prettier-plugin-sh: 0.18.1(prettier@3.8.3)
      prettier-plugin-sort-json: 4.2.0(prettier@3.8.3)
      prettier-plugin-yaml: 1.1.3(prettier@3.8.3)

  '@tybys/wasm-util@0.10.1':
    dependencies:
      tslib: 2.8.1
    optional: true

  oxc-parser@0.125.0:
    dependencies:
      '@oxc-project/types': 0.125.0
    optionalDependencies:
      '@oxc-parser/binding-android-arm-eabi': 0.125.0
      '@oxc-parser/binding-android-arm64': 0.125.0
      '@oxc-parser/binding-darwin-arm64': 0.125.0
      '@oxc-parser/binding-darwin-x64': 0.125.0
      '@oxc-parser/binding-freebsd-x64': 0.125.0
      '@oxc-parser/binding-linux-arm-gnueabihf': 0.125.0
      '@oxc-parser/binding-linux-arm-musleabihf': 0.125.0
      '@oxc-parser/binding-linux-arm64-gnu': 0.125.0
      '@oxc-parser/binding-linux-arm64-musl': 0.125.0
      '@oxc-parser/binding-linux-ppc64-gnu': 0.125.0
      '@oxc-parser/binding-linux-riscv64-gnu': 0.125.0
      '@oxc-parser/binding-linux-riscv64-musl': 0.125.0
      '@oxc-parser/binding-linux-s390x-gnu': 0.125.0
      '@oxc-parser/binding-linux-x64-gnu': 0.125.0
      '@oxc-parser/binding-linux-x64-musl': 0.125.0
      '@oxc-parser/binding-openharmony-arm64': 0.125.0
      '@oxc-parser/binding-wasm32-wasi': 0.125.0
      '@oxc-parser/binding-win32-arm64-msvc': 0.125.0
      '@oxc-parser/binding-win32-ia32-msvc': 0.125.0
      '@oxc-parser/binding-win32-x64-msvc': 0.125.0

  prettier-plugin-expand-json@1.0.4(prettier@3.8.3):
    dependencies:
      prettier: 3.8.3

  prettier-plugin-markdown-html@1.4.0(prettier@3.8.3):
    dependencies:
      prettier: 3.8.3

  prettier-plugin-pkg@0.22.1(prettier@3.8.3):
    dependencies:
      prettier: 3.8.3

  prettier-plugin-sh@0.18.1(prettier@3.8.3):
    dependencies:
      '@reteps/dockerfmt': 0.5.2
      prettier: 3.8.3
      sh-syntax: 0.5.8

  prettier-plugin-sort-json@4.2.0(prettier@3.8.3):
    dependencies:
      prettier: 3.8.3

  prettier-plugin-yaml@1.1.3(prettier@3.8.3):
    dependencies:
      prettier: 3.8.3
      yaml: 2.8.3

  prettier@3.8.3: {}

  sh-syntax@0.5.8:
    dependencies:
      tslib: 2.8.1

  simple-git-hooks@2.13.1: {}

  tslib@2.8.1: {}

  typescript@6.0.3: {}

  yaml@2.8.3: {}
